// !$*UTF8*$!
{
	archiveVersion = 1;
	classes = {
	};
	objectVersion = 55;
	objects = {

/* Begin PBXBuildFile section */
		D4E1EC0627A6D24100698C1C /* AppDelegate.swift in Sources */ = {isa = PBXBuildFile; fileRef = D4E1EC0527A6D24100698C1C /* AppDelegate.swift */; };
		D4E1EC0827A6D24100698C1C /* SceneDelegate.swift in Sources */ = {isa = PBXBuildFile; fileRef = D4E1EC0727A6D24100698C1C /* SceneDelegate.swift */; };
		D4E1EC0D27A6D24100698C1C /* Main.storyboard in Resources */ = {isa = PBXBuildFile; fileRef = D4E1EC0B27A6D24100698C1C /* Main.storyboard */; };
		D4E1EC0F27A6D24300698C1C /* Assets.xcassets in Resources */ = {isa = PBXBuildFile; fileRef = D4E1EC0E27A6D24300698C1C /* Assets.xcassets */; };
		D4E1EC1227A6D24300698C1C /* LaunchScreen.storyboard in Resources */ = {isa = PBXBuildFile; fileRef = D4E1EC1027A6D24300698C1C /* LaunchScreen.storyboard */; };
		D4E1EC1A27A6D29100698C1C /* NewsTableViewController.swift in Sources */ = {isa = PBXBuildFile; fileRef = D4E1EC1927A6D29100698C1C /* NewsTableViewController.swift */; };
		D4E1EC1D27A7A95D00698C1C /* RxCocoa in Frameworks */ = {isa = PBXBuildFile; productRef = D4E1EC1C27A7A95D00698C1C /* RxCocoa */; };
		D4E1EC1F27A7A95D00698C1C /* RxRelay in Frameworks */ = {isa = PBXBuildFile; productRef = D4E1EC1E27A7A95D00698C1C /* RxRelay */; };
		D4E1EC2127A7A95D00698C1C /* RxSwift in Frameworks */ = {isa = PBXBuildFile; productRef = D4E1EC2027A7A95D00698C1C /* RxSwift */; };
		D4E1EC2427A7AAE900698C1C /* Article.swift in Sources */ = {isa = PBXBuildFile; fileRef = D4E1EC2327A7AAE900698C1C /* Article.swift */; };
		D4E1EC2727A7ABFF00698C1C /* URLRequest+.swift in Sources */ = {isa = PBXBuildFile; fileRef = D4E1EC2627A7ABFF00698C1C /* URLRequest+.swift */; };
		D4E1EC2927A7AE0700698C1C /* ArticleTableViewCell.swift in Sources */ = {isa = PBXBuildFile; fileRef = D4E1EC2827A7AE0700698C1C /* ArticleTableViewCell.swift */; };
/* End PBXBuildFile section */

/* Begin PBXFileReference section */
		D4E1EC0227A6D24100698C1C /* GoodNews.app */ = {isa = PBXFileReference; explicitFileType = wrapper.application; includeInIndex = 0; path = GoodNews.app; sourceTree = BUILT_PRODUCTS_DIR; };
		D4E1EC0527A6D24100698C1C /* AppDelegate.swift */ = {isa = PBXFileReference; lastKnownFileType = sourcecode.swift; path = AppDelegate.swift; sourceTree = "<group>"; };
		D4E1EC0727A6D24100698C1C /* SceneDelegate.swift */ = {isa = PBXFileReference; lastKnownFileType = sourcecode.swift; path = SceneDelegate.swift; sourceTree = "<group>"; };
		D4E1EC0C27A6D24100698C1C /* Base */ = {isa = PBXFileReference; lastKnownFileType = file.storyboard; name = Base; path = Base.lproj/Main.storyboard; sourceTree = "<group>"; };
		D4E1EC0E27A6D24300698C1C /* Assets.xcassets */ = {isa = PBXFileReference; lastKnownFileType = folder.assetcatalog; path = Assets.xcassets; sourceTree = "<group>"; };
		D4E1EC1127A6D24300698C1C /* Base */ = {isa = PBXFileReference; lastKnownFileType = file.storyboard; name = Base; path = Base.lproj/LaunchScreen.storyboard; sourceTree = "<group>"; };
		D4E1EC1327A6D24300698C1C /* Info.plist */ = {isa = PBXFileReference; lastKnownFileType = text.plist.xml; path = Info.plist; sourceTree = "<group>"; };
		D4E1EC1927A6D29100698C1C /* NewsTableViewController.swift */ = {isa = PBXFileReference; lastKnownFileType = sourcecode.swift; path = NewsTableViewController.swift; sourceTree = "<group>"; };
		D4E1EC2327A7AAE900698C1C /* Article.swift */ = {isa = PBXFileReference; lastKnownFileType = sourcecode.swift; path = Article.swift; sourceTree = "<group>"; };
		D4E1EC2627A7ABFF00698C1C /* URLRequest+.swift */ = {isa = PBXFileReference; lastKnownFileType = sourcecode.swift; path = "URLRequest+.swift"; sourceTree = "<group>"; };
		D4E1EC2827A7AE0700698C1C /* ArticleTableViewCell.swift */ = {isa = PBXFileReference; lastKnownFileType = sourcecode.swift; path = ArticleTableViewCell.swift; sourceTree = "<group>"; };
/* End PBXFileReference section */

/* Begin PBXFrameworksBuildPhase section */
		D4E1EBFF27A6D24100698C1C /* Frameworks */ = {
			isa = PBXFrameworksBuildPhase;
			buildActionMask = 2147483647;
			files = (
				D4E1EC2127A7A95D00698C1C /* RxSwift in Frameworks */,
				D4E1EC1F27A7A95D00698C1C /* RxRelay in Frameworks */,
				D4E1EC1D27A7A95D00698C1C /* RxCocoa in Frameworks */,
			);
			runOnlyForDeploymentPostprocessing = 0;
		};
/* End PBXFrameworksBuildPhase section */

/* Begin PBXGroup section */
		D4E1EBF927A6D24100698C1C = {
			isa = PBXGroup;
			children = (
				D4E1EC0427A6D24100698C1C /* GoodNews */,
				D4E1EC0327A6D24100698C1C /* Products */,
			);
			sourceTree = "<group>";
		};
		D4E1EC0327A6D24100698C1C /* Products */ = {
			isa = PBXGroup;
			children = (
				D4E1EC0227A6D24100698C1C /* GoodNews.app */,
			);
			name = Products;
			sourceTree = "<group>";
		};
		D4E1EC0427A6D24100698C1C /* GoodNews */ = {
			isa = PBXGroup;
			children = (
				D4E1EC2527A7ABF600698C1C /* Extensions */,
				D4E1EC2227A7AADB00698C1C /* Models */,
				D4E1EC0527A6D24100698C1C /* AppDelegate.swift */,
				D4E1EC0727A6D24100698C1C /* SceneDelegate.swift */,
				D4E1EC0B27A6D24100698C1C /* Main.storyboard */,
				D4E1EC2827A7AE0700698C1C /* ArticleTableViewCell.swift */,
				D4E1EC1927A6D29100698C1C /* NewsTableViewController.swift */,
				D4E1EC0E27A6D24300698C1C /* Assets.xcassets */,
				D4E1EC1027A6D24300698C1C /* LaunchScreen.storyboard */,
				D4E1EC1327A6D24300698C1C /* Info.plist */,
			);
			path = GoodNews;
			sourceTree = "<group>";
		};
		D4E1EC2227A7AADB00698C1C /* Models */ = {
			isa = PBXGroup;
			children = (
				D4E1EC2327A7AAE900698C1C /* Article.swift */,
			);
			path = Models;
			sourceTree = "<group>";
		};
		D4E1EC2527A7ABF600698C1C /* Extensions */ = {
			isa = PBXGroup;
			children = (
				D4E1EC2627A7ABFF00698C1C /* URLRequest+.swift */,
			);
			path = Extensions;
			sourceTree = "<group>";
		};
/* End PBXGroup section */

/* Begin PBXNativeTarget section */
		D4E1EC0127A6D24100698C1C /* GoodNews */ = {
			isa = PBXNativeTarget;
			buildConfigurationList = D4E1EC1627A6D24300698C1C /* Build configuration list for PBXNativeTarget "GoodNews" */;
			buildPhases = (
				D4E1EBFE27A6D24100698C1C /* Sources */,
				D4E1EBFF27A6D24100698C1C /* Frameworks */,
				D4E1EC0027A6D24100698C1C /* Resources */,
			);
			buildRules = (
			);
			dependencies = (
			);
			name = GoodNews;
			packageProductDependencies = (
				D4E1EC1C27A7A95D00698C1C /* RxCocoa */,
				D4E1EC1E27A7A95D00698C1C /* RxRelay */,
				D4E1EC2027A7A95D00698C1C /* RxSwift */,
			);
			productName = GoodNews;
			productReference = D4E1EC0227A6D24100698C1C /* GoodNews.app */;
			productType = "com.apple.product-type.application";
		};
/* End PBXNativeTarget section */

/* Begin PBXProject section */
		D4E1EBFA27A6D24100698C1C /* Project object */ = {
			isa = PBXProject;
			attributes = {
				BuildIndependentTargetsInParallel = 1;
				LastSwiftUpdateCheck = 1320;
				LastUpgradeCheck = 1320;
				TargetAttributes = {
					D4E1EC0127A6D24100698C1C = {
						CreatedOnToolsVersion = 13.2;
					};
				};
			};
			buildConfigurationList = D4E1EBFD27A6D24100698C1C /* Build configuration list for PBXProject "GoodNews" */;
			compatibilityVersion = "Xcode 13.0";
			developmentRegion = en;
			hasScannedForEncodings = 0;
			knownRegions = (
				en,
				Base,
			);
			mainGroup = D4E1EBF927A6D24100698C1C;
			packageReferences = (
				D4E1EC1B27A7A95D00698C1C /* XCRemoteSwiftPackageReference "RxSwift" */,
			);
			productRefGroup = D4E1EC0327A6D24100698C1C /* Products */;
			projectDirPath = "";
			projectRoot = "";
			targets = (
				D4E1EC0127A6D24100698C1C /* GoodNews */,
			);
		};
/* End PBXProject section */

/* Begin PBXResourcesBuildPhase section */
		D4E1EC0027A6D24100698C1C /* Resources */ = {
			isa = PBXResourcesBuildPhase;
			buildActionMask = 2147483647;
			files = (
				D4E1EC1227A6D24300698C1C /* LaunchScreen.storyboard in Resources */,
				D4E1EC0F27A6D24300698C1C /* Assets.xcassets in Resources */,
				D4E1EC0D27A6D24100698C1C /* Main.storyboard in Resources */,
			);
			runOnlyForDeploymentPostprocessing = 0;
		};
/* End PBXResourcesBuildPhase section */

/* Begin PBXSourcesBuildPhase section */
		D4E1EBFE27A6D24100698C1C /* Sources */ = {
			isa = PBXSourcesBuildPhase;
			buildActionMask = 2147483647;
			files = (
				D4E1EC2427A7AAE900698C1C /* Article.swift in Sources */,
				D4E1EC0627A6D24100698C1C /* AppDelegate.swift in Sources */,
				D4E1EC0827A6D24100698C1C /* SceneDelegate.swift in Sources */,
				D4E1EC1A27A6D29100698C1C /* NewsTableViewController.swift in Sources */,
				D4E1EC2927A7AE0700698C1C /* ArticleTableViewCell.swift in Sources */,
				D4E1EC2727A7ABFF00698C1C /* URLRequest+.swift in Sources */,
			);
			runOnlyForDeploymentPostprocessing = 0;
		};
/* End PBXSourcesBuildPhase section */

/* Begin PBXVariantGroup section */
		D4E1EC0B27A6D24100698C1C /* Main.storyboard */ = {
			isa = PBXVariantGroup;
			children = (
				D4E1EC0C27A6D24100698C1C /* Base */,
			);
			name = Main.storyboard;
			sourceTree = "<group>";
		};
		D4E1EC1027A6D24300698C1C /* LaunchScreen.storyboard */ = {
			isa = PBXVariantGroup;
			children = (
				D4E1EC1127A6D24300698C1C /* Base */,
			);
			name = LaunchScreen.storyboard;
			sourceTree = "<group>";
		};
/* End PBXVariantGroup section */

/* Begin XCBuildConfiguration section */
		D4E1EC1427A6D24300698C1C /* Debug */ = {
			isa = XCBuildConfiguration;
			buildSettings = {
				ALWAYS_SEARCH_USER_PATHS = NO;
				CLANG_ANALYZER_NONNULL = YES;
				CLANG_ANALYZER_NUMBER_OBJECT_CONVERSION = YES_AGGRESSIVE;
				CLANG_CXX_LANGUAGE_STANDARD = "gnu++17";
				CLANG_CXX_LIBRARY = "libc++";
				CLANG_ENABLE_MODULES = YES;
				CLANG_ENABLE_OBJC_ARC = YES;
				CLANG_ENABLE_OBJC_WEAK = YES;
				CLANG_WARN_BLOCK_CAPTURE_AUTORELEASING = YES;
				CLANG_WARN_BOOL_CONVERSION = YES;
				CLANG_WARN_COMMA = YES;
				CLANG_WARN_CONSTANT_CONVERSION = YES;
				CLANG_WARN_DEPRECATED_OBJC_IMPLEMENTATIONS = YES;
				CLANG_WARN_DIRECT_OBJC_ISA_USAGE = YES_ERROR;
				CLANG_WARN_DOCUMENTATION_COMMENTS = YES;
				CLANG_WARN_EMPTY_BODY = YES;
				CLANG_WARN_ENUM_CONVERSION = YES;
				CLANG_WARN_INFINITE_RECURSION = YES;
				CLANG_WARN_INT_CONVERSION = YES;
				CLANG_WARN_NON_LITERAL_NULL_CONVERSION = YES;
				CLANG_WARN_OBJC_IMPLICIT_RETAIN_SELF = YES;
				CLANG_WARN_OBJC_LITERAL_CONVERSION = YES;
				CLANG_WARN_OBJC_ROOT_CLASS = YES_ERROR;
				CLANG_WARN_QUOTED_INCLUDE_IN_FRAMEWORK_HEADER = YES;
				CLANG_WARN_RANGE_LOOP_ANALYSIS = YES;
				CLANG_WARN_STRICT_PROTOTYPES = YES;
				CLANG_WARN_SUSPICIOUS_MOVE = YES;
				CLANG_WARN_UNGUARDED_AVAILABILITY = YES_AGGRESSIVE;
				CLANG_WARN_UNREACHABLE_CODE = YES;
				CLANG_WARN__DUPLICATE_METHOD_MATCH = YES;
				COPY_PHASE_STRIP = NO;
				DEBUG_INFORMATION_FORMAT = dwarf;
				ENABLE_STRICT_OBJC_MSGSEND = YES;
				ENABLE_TESTABILITY = YES;
				GCC_C_LANGUAGE_STANDARD = gnu11;
				GCC_DYNAMIC_NO_PIC = NO;
				GCC_NO_COMMON_BLOCKS = YES;
				GCC_OPTIMIZATION_LEVEL = 0;
				GCC_PREPROCESSOR_DEFINITIONS = (
					"DEBUG=1",
					"$(inherited)",
				);
				GCC_WARN_64_TO_32_BIT_CONVERSION = YES;
				GCC_WARN_ABOUT_RETURN_TYPE = YES_ERROR;
				GCC_WARN_UNDECLARED_SELECTOR = YES;
				GCC_WARN_UNINITIALIZED_AUTOS = YES_AGGRESSIVE;
				GCC_WARN_UNUSED_FUNCTION = YES;
				GCC_WARN_UNUSED_VARIABLE = YES;
				IPHONEOS_DEPLOYMENT_TARGET = 15.2;
				MTL_ENABLE_DEBUG_INFO = INCLUDE_SOURCE;
				MTL_FAST_MATH = YES;
				ONLY_ACTIVE_ARCH = YES;
				SDKROOT = iphoneos;
				SWIFT_ACTIVE_COMPILATION_CONDITIONS = DEBUG;
				SWIFT_OPTIMIZATION_LEVEL = "-Onone";
			};
			name = Debug;
		};
		D4E1EC1527A6D24300698C1C /* Release */ = {
			isa = XCBuildConfiguration;
			buildSettings = {
				ALWAYS_SEARCH_USER_PATHS = NO;
				CLANG_ANALYZER_NONNULL = YES;
				CLANG_ANALYZER_NUMBER_OBJECT_CONVERSION = YES_AGGRESSIVE;
				CLANG_CXX_LANGUAGE_STANDARD = "gnu++17";
				CLANG_CXX_LIBRARY = "libc++";
				CLANG_ENABLE_MODULES = YES;
				CLANG_ENABLE_OBJC_ARC = YES;
				CLANG_ENABLE_OBJC_WEAK = YES;
				CLANG_WARN_BLOCK_CAPTURE_AUTORELEASING = YES;
				CLANG_WARN_BOOL_CONVERSION = YES;
				CLANG_WARN_COMMA = YES;
				CLANG_WARN_CONSTANT_CONVERSION = YES;
				CLANG_WARN_DEPRECATED_OBJC_IMPLEMENTATIONS = YES;
				CLANG_WARN_DIRECT_OBJC_ISA_USAGE = YES_ERROR;
				CLANG_WARN_DOCUMENTATION_COMMENTS = YES;
				CLANG_WARN_EMPTY_BODY = YES;
				CLANG_WARN_ENUM_CONVERSION = YES;
				CLANG_WARN_INFINITE_RECURSION = YES;
				CLANG_WARN_INT_CONVERSION = YES;
				CLANG_WARN_NON_LITERAL_NULL_CONVERSION = YES;
				CLANG_WARN_OBJC_IMPLICIT_RETAIN_SELF = YES;
				CLANG_WARN_OBJC_LITERAL_CONVERSION = YES;
				CLANG_WARN_OBJC_ROOT_CLASS = YES_ERROR;
				CLANG_WARN_QUOTED_INCLUDE_IN_FRAMEWORK_HEADER = YES;
				CLANG_WARN_RANGE_LOOP_ANALYSIS = YES;
				CLANG_WARN_STRICT_PROTOTYPES = YES;
				CLANG_WARN_SUSPICIOUS_MOVE = YES;
				CLANG_WARN_UNGUARDED_AVAILABILITY = YES_AGGRESSIVE;
				CLANG_WARN_UNREACHABLE_CODE = YES;
				CLANG_WARN__DUPLICATE_METHOD_MATCH = YES;
				COPY_PHASE_STRIP = NO;
				DEBUG_INFORMATION_FORMAT = "dwarf-with-dsym";
				ENABLE_NS_ASSERTIONS = NO;
				ENABLE_STRICT_OBJC_MSGSEND = YES;
				GCC_C_LANGUAGE_STANDARD = gnu11;
				GCC_NO_COMMON_BLOCKS = YES;
				GCC_WARN_64_TO_32_BIT_CONVERSION = YES;
				GCC_WARN_ABOUT_RETURN_TYPE = YES_ERROR;
				GCC_WARN_UNDECLARED_SELECTOR = YES;
				GCC_WARN_UNINITIALIZED_AUTOS = YES_AGGRESSIVE;
				GCC_WARN_UNUSED_FUNCTION = YES;
				GCC_WARN_UNUSED_VARIABLE = YES;
				IPHONEOS_DEPLOYMENT_TARGET = 15.2;
				MTL_ENABLE_DEBUG_INFO = NO;
				MTL_FAST_MATH = YES;
				SDKROOT = iphoneos;
				SWIFT_COMPILATION_MODE = wholemodule;
				SWIFT_OPTIMIZATION_LEVEL = "-O";
				VALIDATE_PRODUCT = YES;
			};
			name = Release;
		};
		D4E1EC1727A6D24300698C1C /* Debug */ = {
			isa = XCBuildConfiguration;
			buildSettings = {
				ASSETCATALOG_COMPILER_APPICON_NAME = AppIcon;
				ASSETCATALOG_COMPILER_GLOBAL_ACCENT_COLOR_NAME = AccentColor;
				CODE_SIGN_STYLE = Automatic;
				CURRENT_PROJECT_VERSION = 1;
				GENERATE_INFOPLIST_FILE = YES;
				INFOPLIST_FILE = GoodNews/Info.plist;
				INFOPLIST_KEY_UIApplicationSupportsIndirectInputEvents = YES;
				INFOPLIST_KEY_UILaunchStoryboardName = LaunchScreen;
				INFOPLIST_KEY_UIMainStoryboardFile = Main;
				INFOPLIST_KEY_UISupportedInterfaceOrientations_iPad = "UIInterfaceOrientationPortrait UIInterfaceOrientationPortraitUpsideDown UIInterfaceOrientationLandscapeLeft UIInterfaceOrientationLandscapeRight";
				INFOPLIST_KEY_UISupportedInterfaceOrientations_iPhone = "UIInterfaceOrientationPortrait UIInterfaceOrientationLandscapeLeft UIInterfaceOrientationLandscapeRight";
				LD_RUNPATH_SEARCH_PATHS = (
					"$(inherited)",
					"@executable_path/Frameworks",
				);
				MARKETING_VERSION = 1.0;
				PRODUCT_BUNDLE_IDENTIFIER = woody.GoodNews;
				PRODUCT_NAME = "$(TARGET_NAME)";
				SWIFT_EMIT_LOC_STRINGS = YES;
				SWIFT_VERSION = 5.0;
				TARGETED_DEVICE_FAMILY = "1,2";
			};
			name = Debug;
		};
		D4E1EC1827A6D24300698C1C /* Release */ = {
			isa = XCBuildConfiguration;
			buildSettings = {
				ASSETCATALOG_COMPILER_APPICON_NAME = AppIcon;
				ASSETCATALOG_COMPILER_GLOBAL_ACCENT_COLOR_NAME = AccentColor;
				CODE_SIGN_STYLE = Automatic;
				CURRENT_PROJECT_VERSION = 1;
				GENERATE_INFOPLIST_FILE = YES;
				INFOPLIST_FILE = GoodNews/Info.plist;
				INFOPLIST_KEY_UIApplicationSupportsIndirectInputEvents = YES;
				INFOPLIST_KEY_UILaunchStoryboardName = LaunchScreen;
				INFOPLIST_KEY_UIMainStoryboardFile = Main;
				INFOPLIST_KEY_UISupportedInterfaceOrientations_iPad = "UIInterfaceOrientationPortrait UIInterfaceOrientationPortraitUpsideDown UIInterfaceOrientationLandscapeLeft UIInterfaceOrientationLandscapeRight";
				INFOPLIST_KEY_UISupportedInterfaceOrientations_iPhone = "UIInterfaceOrientationPortrait UIInterfaceOrientationLandscapeLeft UIInterfaceOrientationLandscapeRight";
				LD_RUNPATH_SEARCH_PATHS = (
					"$(inherited)",
					"@executable_path/Frameworks",
				);
				MARKETING_VERSION = 1.0;
				PRODUCT_BUNDLE_IDENTIFIER = woody.GoodNews;
				PRODUCT_NAME = "$(TARGET_NAME)";
				SWIFT_EMIT_LOC_STRINGS = YES;
				SWIFT_VERSION = 5.0;
				TARGETED_DEVICE_FAMILY = "1,2";
			};
			name = Release;
		};
/* End XCBuildConfiguration section */

/* Begin XCConfigurationList section */
		D4E1EBFD27A6D24100698C1C /* Build configuration list for PBXProject "GoodNews" */ = {
			isa = XCConfigurationList;
			buildConfigurations = (
				D4E1EC1427A6D24300698C1C /* Debug */,
				D4E1EC1527A6D24300698C1C /* Release */,
			);
			defaultConfigurationIsVisible = 0;
			defaultConfigurationName = Release;
		};
		D4E1EC1627A6D24300698C1C /* Build configuration list for PBXNativeTarget "GoodNews" */ = {
			isa = XCConfigurationList;
			buildConfigurations = (
				D4E1EC1727A6D24300698C1C /* Debug */,
				D4E1EC1827A6D24300698C1C /* Release */,
			);
			defaultConfigurationIsVisible = 0;
			defaultConfigurationName = Release;
		};
/* End XCConfigurationList section */

/* Begin XCRemoteSwiftPackageReference section */
		D4E1EC1B27A7A95D00698C1C /* XCRemoteSwiftPackageReference "RxSwift" */ = {
			isa = XCRemoteSwiftPackageReference;
			repositoryURL = "https://github.com/ReactiveX/RxSwift.git";
			requirement = {
				kind = upToNextMinorVersion;
				minimumVersion = 6.5.0;
			};
		};
/* End XCRemoteSwiftPackageReference section */

/* Begin XCSwiftPackageProductDependency section */
		D4E1EC1C27A7A95D00698C1C /* RxCocoa */ = {
			isa = XCSwiftPackageProductDependency;
			package = D4E1EC1B27A7A95D00698C1C /* XCRemoteSwiftPackageReference "RxSwift" */;
			productName = RxCocoa;
		};
		D4E1EC1E27A7A95D00698C1C /* RxRelay */ = {
			isa = XCSwiftPackageProductDependency;
			package = D4E1EC1B27A7A95D00698C1C /* XCRemoteSwiftPackageReference "RxSwift" */;
			productName = RxRelay;
		};
		D4E1EC2027A7A95D00698C1C /* RxSwift */ = {
			isa = XCSwiftPackageProductDependency;
			package = D4E1EC1B27A7A95D00698C1C /* XCRemoteSwiftPackageReference "RxSwift" */;
			productName = RxSwift;
		};
/* End XCSwiftPackageProductDependency section */
	};
	rootObject = D4E1EBFA27A6D24100698C1C /* Project object */;
}
