// !$*UTF8*$!
{
	archiveVersion = 1;
	classes = {
	};
	objectVersion = 51;
	objects = {

/* Begin PBXBuildFile section */
		1D3B2162611692ED7CC99572 /* Pods_RxExample.framework in Frameworks */ = {isa = PBXBuildFile; fileRef = F2984AF3CAED49CD454B4326 /* Pods_RxExample.framework */; };
		D496D51F264DA25E00655AC3 /* AppDelegate.swift in Sources */ = {isa = PBXBuildFile; fileRef = D496D51E264DA25E00655AC3 /* AppDelegate.swift */; };
		D496D521264DA25E00655AC3 /* SceneDelegate.swift in Sources */ = {isa = PBXBuildFile; fileRef = D496D520264DA25E00655AC3 /* SceneDelegate.swift */; };
		D496D523264DA25E00655AC3 /* ViewController.swift in Sources */ = {isa = PBXBuildFile; fileRef = D496D522264DA25E00655AC3 /* ViewController.swift */; };
		D496D526264DA25E00655AC3 /* Main.storyboard in Resources */ = {isa = PBXBuildFile; fileRef = D496D524264DA25E00655AC3 /* Main.storyboard */; };
		D496D528264DA25F00655AC3 /* Assets.xcassets in Resources */ = {isa = PBXBuildFile; fileRef = D496D527264DA25F00655AC3 /* Assets.xcassets */; };
		D496D52B264DA25F00655AC3 /* LaunchScreen.storyboard in Resources */ = {isa = PBXBuildFile; fileRef = D496D529264DA25F00655AC3 /* LaunchScreen.storyboard */; };
		D4E626A22658DB2600E07F1C /* RxTableViewWithSection.storyboard in Resources */ = {isa = PBXBuildFile; fileRef = D4E626A12658DB2600E07F1C /* RxTableViewWithSection.storyboard */; };
		D4E626A42658DB4900E07F1C /* TableViewWithSection.storyboard in Resources */ = {isa = PBXBuildFile; fileRef = D4E626A32658DB4900E07F1C /* TableViewWithSection.storyboard */; };
		D4E626A62658DC8400E07F1C /* TableViewWithSectionVC.swift in Sources */ = {isa = PBXBuildFile; fileRef = D4E626A52658DC8400E07F1C /* TableViewWithSectionVC.swift */; };
		D4E626A92658DCB100E07F1C /* RxTableViewWithSectionVC.swift in Sources */ = {isa = PBXBuildFile; fileRef = D4E626A82658DCB100E07F1C /* RxTableViewWithSectionVC.swift */; };
		D4E626AC2658DED700E07F1C /* TableViewWithSectionTVC.swift in Sources */ = {isa = PBXBuildFile; fileRef = D4E626AB2658DED700E07F1C /* TableViewWithSectionTVC.swift */; };
		D4E626AE2658E4E000E07F1C /* RxTableViewWithSectionTVC.swift in Sources */ = {isa = PBXBuildFile; fileRef = D4E626AD2658E4E000E07F1C /* RxTableViewWithSectionTVC.swift */; };
/* End PBXBuildFile section */

/* Begin PBXFileReference section */
		1620B1EC8475557E5623A24D /* Pods-RxExample.release.xcconfig */ = {isa = PBXFileReference; includeInIndex = 1; lastKnownFileType = text.xcconfig; name = "Pods-RxExample.release.xcconfig"; path = "Target Support Files/Pods-RxExample/Pods-RxExample.release.xcconfig"; sourceTree = "<group>"; };
		D496D51B264DA25E00655AC3 /* RxExample.app */ = {isa = PBXFileReference; explicitFileType = wrapper.application; includeInIndex = 0; path = RxExample.app; sourceTree = BUILT_PRODUCTS_DIR; };
		D496D51E264DA25E00655AC3 /* AppDelegate.swift */ = {isa = PBXFileReference; lastKnownFileType = sourcecode.swift; path = AppDelegate.swift; sourceTree = "<group>"; };
		D496D520264DA25E00655AC3 /* SceneDelegate.swift */ = {isa = PBXFileReference; lastKnownFileType = sourcecode.swift; path = SceneDelegate.swift; sourceTree = "<group>"; };
		D496D522264DA25E00655AC3 /* ViewController.swift */ = {isa = PBXFileReference; lastKnownFileType = sourcecode.swift; path = ViewController.swift; sourceTree = "<group>"; };
		D496D525264DA25E00655AC3 /* Base */ = {isa = PBXFileReference; lastKnownFileType = file.storyboard; name = Base; path = Base.lproj/Main.storyboard; sourceTree = "<group>"; };
		D496D527264DA25F00655AC3 /* Assets.xcassets */ = {isa = PBXFileReference; lastKnownFileType = folder.assetcatalog; path = Assets.xcassets; sourceTree = "<group>"; };
		D496D52A264DA25F00655AC3 /* Base */ = {isa = PBXFileReference; lastKnownFileType = file.storyboard; name = Base; path = Base.lproj/LaunchScreen.storyboard; sourceTree = "<group>"; };
		D496D52C264DA25F00655AC3 /* Info.plist */ = {isa = PBXFileReference; lastKnownFileType = text.plist.xml; path = Info.plist; sourceTree = "<group>"; };
		D4E626A12658DB2600E07F1C /* RxTableViewWithSection.storyboard */ = {isa = PBXFileReference; lastKnownFileType = file.storyboard; path = RxTableViewWithSection.storyboard; sourceTree = "<group>"; };
		D4E626A32658DB4900E07F1C /* TableViewWithSection.storyboard */ = {isa = PBXFileReference; lastKnownFileType = file.storyboard; path = TableViewWithSection.storyboard; sourceTree = "<group>"; };
		D4E626A52658DC8400E07F1C /* TableViewWithSectionVC.swift */ = {isa = PBXFileReference; lastKnownFileType = sourcecode.swift; path = TableViewWithSectionVC.swift; sourceTree = "<group>"; };
		D4E626A82658DCB100E07F1C /* RxTableViewWithSectionVC.swift */ = {isa = PBXFileReference; lastKnownFileType = sourcecode.swift; path = RxTableViewWithSectionVC.swift; sourceTree = "<group>"; };
		D4E626AB2658DED700E07F1C /* TableViewWithSectionTVC.swift */ = {isa = PBXFileReference; lastKnownFileType = sourcecode.swift; path = TableViewWithSectionTVC.swift; sourceTree = "<group>"; };
		D4E626AD2658E4E000E07F1C /* RxTableViewWithSectionTVC.swift */ = {isa = PBXFileReference; lastKnownFileType = sourcecode.swift; path = RxTableViewWithSectionTVC.swift; sourceTree = "<group>"; };
		E2F3E068B9B1A5DB022A49ED /* Pods-RxExample.debug.xcconfig */ = {isa = PBXFileReference; includeInIndex = 1; lastKnownFileType = text.xcconfig; name = "Pods-RxExample.debug.xcconfig"; path = "Target Support Files/Pods-RxExample/Pods-RxExample.debug.xcconfig"; sourceTree = "<group>"; };
		F2984AF3CAED49CD454B4326 /* Pods_RxExample.framework */ = {isa = PBXFileReference; explicitFileType = wrapper.framework; includeInIndex = 0; path = Pods_RxExample.framework; sourceTree = BUILT_PRODUCTS_DIR; };
/* End PBXFileReference section */

/* Begin PBXFrameworksBuildPhase section */
		D496D518264DA25E00655AC3 /* Frameworks */ = {
			isa = PBXFrameworksBuildPhase;
			buildActionMask = 2147483647;
			files = (
				1D3B2162611692ED7CC99572 /* Pods_RxExample.framework in Frameworks */,
			);
			runOnlyForDeploymentPostprocessing = 0;
		};
/* End PBXFrameworksBuildPhase section */

/* Begin PBXGroup section */
		21982A843B2D0AD8FC442A42 /* Pods */ = {
			isa = PBXGroup;
			children = (
				E2F3E068B9B1A5DB022A49ED /* Pods-RxExample.debug.xcconfig */,
				1620B1EC8475557E5623A24D /* Pods-RxExample.release.xcconfig */,
			);
			path = Pods;
			sourceTree = "<group>";
		};
		D496D512264DA25E00655AC3 = {
			isa = PBXGroup;
			children = (
				D496D51D264DA25E00655AC3 /* RxExample */,
				D496D51C264DA25E00655AC3 /* Products */,
				21982A843B2D0AD8FC442A42 /* Pods */,
				DF6A0A17A5E01E21606F1AD1 /* Frameworks */,
			);
			sourceTree = "<group>";
		};
		D496D51C264DA25E00655AC3 /* Products */ = {
			isa = PBXGroup;
			children = (
				D496D51B264DA25E00655AC3 /* RxExample.app */,
			);
			name = Products;
			sourceTree = "<group>";
		};
		D496D51D264DA25E00655AC3 /* RxExample */ = {
			isa = PBXGroup;
			children = (
				D496D51E264DA25E00655AC3 /* AppDelegate.swift */,
				D496D520264DA25E00655AC3 /* SceneDelegate.swift */,
				D496D522264DA25E00655AC3 /* ViewController.swift */,
				D4E626AA2658DCBB00E07F1C /* RxTableViewWithSection */,
				D4E626A72658DC8900E07F1C /* TableViewWithHeader */,
				D496D524264DA25E00655AC3 /* Main.storyboard */,
				D496D527264DA25F00655AC3 /* Assets.xcassets */,
				D496D529264DA25F00655AC3 /* LaunchScreen.storyboard */,
				D496D52C264DA25F00655AC3 /* Info.plist */,
			);
			path = RxExample;
			sourceTree = "<group>";
		};
		D4E626A72658DC8900E07F1C /* TableViewWithHeader */ = {
			isa = PBXGroup;
			children = (
				D4E626A52658DC8400E07F1C /* TableViewWithSectionVC.swift */,
				D4E626A32658DB4900E07F1C /* TableViewWithSection.storyboard */,
				D4E626AB2658DED700E07F1C /* TableViewWithSectionTVC.swift */,
			);
			path = TableViewWithHeader;
			sourceTree = "<group>";
		};
		D4E626AA2658DCBB00E07F1C /* RxTableViewWithSection */ = {
			isa = PBXGroup;
			children = (
				D4E626A12658DB2600E07F1C /* RxTableViewWithSection.storyboard */,
				D4E626A82658DCB100E07F1C /* RxTableViewWithSectionVC.swift */,
				D4E626AD2658E4E000E07F1C /* RxTableViewWithSectionTVC.swift */,
			);
			path = RxTableViewWithSection;
			sourceTree = "<group>";
		};
		DF6A0A17A5E01E21606F1AD1 /* Frameworks */ = {
			isa = PBXGroup;
			children = (
				F2984AF3CAED49CD454B4326 /* Pods_RxExample.framework */,
			);
			name = Frameworks;
			sourceTree = "<group>";
		};
/* End PBXGroup section */

/* Begin PBXNativeTarget section */
		D496D51A264DA25E00655AC3 /* RxExample */ = {
			isa = PBXNativeTarget;
			buildConfigurationList = D496D52F264DA25F00655AC3 /* Build configuration list for PBXNativeTarget "RxExample" */;
			buildPhases = (
				712745B62E2D4C4957AED0E8 /* [CP] Check Pods Manifest.lock */,
				D496D517264DA25E00655AC3 /* Sources */,
				D496D518264DA25E00655AC3 /* Frameworks */,
				D496D519264DA25E00655AC3 /* Resources */,
				27BCCE9F75561D9F0E36275E /* [CP] Embed Pods Frameworks */,
			);
			buildRules = (
			);
			dependencies = (
			);
			name = RxExample;
			productName = RxExample;
			productReference = D496D51B264DA25E00655AC3 /* RxExample.app */;
			productType = "com.apple.product-type.application";
		};
/* End PBXNativeTarget section */

/* Begin PBXProject section */
		D496D513264DA25E00655AC3 /* Project object */ = {
			isa = PBXProject;
			attributes = {
				LastSwiftUpdateCheck = 1250;
				LastUpgradeCheck = 1250;
				TargetAttributes = {
					D496D51A264DA25E00655AC3 = {
						CreatedOnToolsVersion = 12.5;
					};
				};
			};
			buildConfigurationList = D496D516264DA25E00655AC3 /* Build configuration list for PBXProject "RxExample" */;
			compatibilityVersion = "Xcode 9.3";
			developmentRegion = en;
			hasScannedForEncodings = 0;
			knownRegions = (
				en,
				Base,
			);
			mainGroup = D496D512264DA25E00655AC3;
			productRefGroup = D496D51C264DA25E00655AC3 /* Products */;
			projectDirPath = "";
			projectRoot = "";
			targets = (
				D496D51A264DA25E00655AC3 /* RxExample */,
			);
		};
/* End PBXProject section */

/* Begin PBXResourcesBuildPhase section */
		D496D519264DA25E00655AC3 /* Resources */ = {
			isa = PBXResourcesBuildPhase;
			buildActionMask = 2147483647;
			files = (
				D496D52B264DA25F00655AC3 /* LaunchScreen.storyboard in Resources */,
				D496D528264DA25F00655AC3 /* Assets.xcassets in Resources */,
				D4E626A22658DB2600E07F1C /* RxTableViewWithSection.storyboard in Resources */,
				D4E626A42658DB4900E07F1C /* TableViewWithSection.storyboard in Resources */,
				D496D526264DA25E00655AC3 /* Main.storyboard in Resources */,
			);
			runOnlyForDeploymentPostprocessing = 0;
		};
/* End PBXResourcesBuildPhase section */

/* Begin PBXShellScriptBuildPhase section */
		27BCCE9F75561D9F0E36275E /* [CP] Embed Pods Frameworks */ = {
			isa = PBXShellScriptBuildPhase;
			buildActionMask = 2147483647;
			files = (
			);
			inputFileListPaths = (
				"${PODS_ROOT}/Target Support Files/Pods-RxExample/Pods-RxExample-frameworks-${CONFIGURATION}-input-files.xcfilelist",
			);
			name = "[CP] Embed Pods Frameworks";
			outputFileListPaths = (
				"${PODS_ROOT}/Target Support Files/Pods-RxExample/Pods-RxExample-frameworks-${CONFIGURATION}-output-files.xcfilelist",
			);
			runOnlyForDeploymentPostprocessing = 0;
			shellPath = /bin/sh;
			shellScript = "\"${PODS_ROOT}/Target Support Files/Pods-RxExample/Pods-RxExample-frameworks.sh\"\n";
			showEnvVarsInLog = 0;
		};
		712745B62E2D4C4957AED0E8 /* [CP] Check Pods Manifest.lock */ = {
			isa = PBXShellScriptBuildPhase;
			buildActionMask = 2147483647;
			files = (
			);
			inputFileListPaths = (
			);
			inputPaths = (
				"${PODS_PODFILE_DIR_PATH}/Podfile.lock",
				"${PODS_ROOT}/Manifest.lock",
			);
			name = "[CP] Check Pods Manifest.lock";
			outputFileListPaths = (
			);
			outputPaths = (
				"$(DERIVED_FILE_DIR)/Pods-RxExample-checkManifestLockResult.txt",
			);
			runOnlyForDeploymentPostprocessing = 0;
			shellPath = /bin/sh;
			shellScript = "diff \"${PODS_PODFILE_DIR_PATH}/Podfile.lock\" \"${PODS_ROOT}/Manifest.lock\" > /dev/null\nif [ $? != 0 ] ; then\n    # print error to STDERR\n    echo \"error: The sandbox is not in sync with the Podfile.lock. Run 'pod install' or update your CocoaPods installation.\" >&2\n    exit 1\nfi\n# This output is used by Xcode 'outputs' to avoid re-running this script phase.\necho \"SUCCESS\" > \"${SCRIPT_OUTPUT_FILE_0}\"\n";
			showEnvVarsInLog = 0;
		};
/* End PBXShellScriptBuildPhase section */

/* Begin PBXSourcesBuildPhase section */
		D496D517264DA25E00655AC3 /* Sources */ = {
			isa = PBXSourcesBuildPhase;
			buildActionMask = 2147483647;
			files = (
				D4E626AE2658E4E000E07F1C /* RxTableViewWithSectionTVC.swift in Sources */,
				D4E626A92658DCB100E07F1C /* RxTableViewWithSectionVC.swift in Sources */,
				D4E626AC2658DED700E07F1C /* TableViewWithSectionTVC.swift in Sources */,
				D496D523264DA25E00655AC3 /* ViewController.swift in Sources */,
				D496D51F264DA25E00655AC3 /* AppDelegate.swift in Sources */,
				D496D521264DA25E00655AC3 /* SceneDelegate.swift in Sources */,
				D4E626A62658DC8400E07F1C /* TableViewWithSectionVC.swift in Sources */,
			);
			runOnlyForDeploymentPostprocessing = 0;
		};
/* End PBXSourcesBuildPhase section */

/* Begin PBXVariantGroup section */
		D496D524264DA25E00655AC3 /* Main.storyboard */ = {
			isa = PBXVariantGroup;
			children = (
				D496D525264DA25E00655AC3 /* Base */,
			);
			name = Main.storyboard;
			sourceTree = "<group>";
		};
		D496D529264DA25F00655AC3 /* LaunchScreen.storyboard */ = {
			isa = PBXVariantGroup;
			children = (
				D496D52A264DA25F00655AC3 /* Base */,
			);
			name = LaunchScreen.storyboard;
			sourceTree = "<group>";
		};
/* End PBXVariantGroup section */

/* Begin XCBuildConfiguration section */
		D496D52D264DA25F00655AC3 /* Debug */ = {
			isa = XCBuildConfiguration;
			buildSettings = {
				ALWAYS_SEARCH_USER_PATHS = NO;
				CLANG_ANALYZER_NONNULL = YES;
				CLANG_ANALYZER_NUMBER_OBJECT_CONVERSION = YES_AGGRESSIVE;
				CLANG_CXX_LANGUAGE_STANDARD = "gnu++14";
				CLANG_CXX_LIBRARY = "libc++";
				CLANG_ENABLE_MODULES = YES;
				CLANG_ENABLE_OBJC_ARC = YES;
				CLANG_ENABLE_OBJC_WEAK = YES;
				CLANG_WARN_BLOCK_CAPTURE_AUTORELEASING = YES;
				CLANG_WARN_BOOL_CONVERSION = YES;
				CLANG_WARN_COMMA = YES;
				CLANG_WARN_CONSTANT_CONVERSION = YES;
				CLANG_WARN_DEPRECATED_OBJC_IMPLEMENTATIONS = YES;
				CLANG_WARN_DIRECT_OBJC_ISA_USAGE = YES_ERROR;
				CLANG_WARN_DOCUMENTATION_COMMENTS = YES;
				CLANG_WARN_EMPTY_BODY = YES;
				CLANG_WARN_ENUM_CONVERSION = YES;
				CLANG_WARN_INFINITE_RECURSION = YES;
				CLANG_WARN_INT_CONVERSION = YES;
				CLANG_WARN_NON_LITERAL_NULL_CONVERSION = YES;
				CLANG_WARN_OBJC_IMPLICIT_RETAIN_SELF = YES;
				CLANG_WARN_OBJC_LITERAL_CONVERSION = YES;
				CLANG_WARN_OBJC_ROOT_CLASS = YES_ERROR;
				CLANG_WARN_QUOTED_INCLUDE_IN_FRAMEWORK_HEADER = YES;
				CLANG_WARN_RANGE_LOOP_ANALYSIS = YES;
				CLANG_WARN_STRICT_PROTOTYPES = YES;
				CLANG_WARN_SUSPICIOUS_MOVE = YES;
				CLANG_WARN_UNGUARDED_AVAILABILITY = YES_AGGRESSIVE;
				CLANG_WARN_UNREACHABLE_CODE = YES;
				CLANG_WARN__DUPLICATE_METHOD_MATCH = YES;
				COPY_PHASE_STRIP = NO;
				DEBUG_INFORMATION_FORMAT = dwarf;
				ENABLE_STRICT_OBJC_MSGSEND = YES;
				ENABLE_TESTABILITY = YES;
				GCC_C_LANGUAGE_STANDARD = gnu11;
				GCC_DYNAMIC_NO_PIC = NO;
				GCC_NO_COMMON_BLOCKS = YES;
				GCC_OPTIMIZATION_LEVEL = 0;
				GCC_PREPROCESSOR_DEFINITIONS = (
					"DEBUG=1",
					"$(inherited)",
				);
				GCC_WARN_64_TO_32_BIT_CONVERSION = YES;
				GCC_WARN_ABOUT_RETURN_TYPE = YES_ERROR;
				GCC_WARN_UNDECLARED_SELECTOR = YES;
				GCC_WARN_UNINITIALIZED_AUTOS = YES_AGGRESSIVE;
				GCC_WARN_UNUSED_FUNCTION = YES;
				GCC_WARN_UNUSED_VARIABLE = YES;
				IPHONEOS_DEPLOYMENT_TARGET = 14.5;
				MTL_ENABLE_DEBUG_INFO = INCLUDE_SOURCE;
				MTL_FAST_MATH = YES;
				ONLY_ACTIVE_ARCH = YES;
				SDKROOT = iphoneos;
				SWIFT_ACTIVE_COMPILATION_CONDITIONS = DEBUG;
				SWIFT_OPTIMIZATION_LEVEL = "-Onone";
			};
			name = Debug;
		};
		D496D52E264DA25F00655AC3 /* Release */ = {
			isa = XCBuildConfiguration;
			buildSettings = {
				ALWAYS_SEARCH_USER_PATHS = NO;
				CLANG_ANALYZER_NONNULL = YES;
				CLANG_ANALYZER_NUMBER_OBJECT_CONVERSION = YES_AGGRESSIVE;
				CLANG_CXX_LANGUAGE_STANDARD = "gnu++14";
				CLANG_CXX_LIBRARY = "libc++";
				CLANG_ENABLE_MODULES = YES;
				CLANG_ENABLE_OBJC_ARC = YES;
				CLANG_ENABLE_OBJC_WEAK = YES;
				CLANG_WARN_BLOCK_CAPTURE_AUTORELEASING = YES;
				CLANG_WARN_BOOL_CONVERSION = YES;
				CLANG_WARN_COMMA = YES;
				CLANG_WARN_CONSTANT_CONVERSION = YES;
				CLANG_WARN_DEPRECATED_OBJC_IMPLEMENTATIONS = YES;
				CLANG_WARN_DIRECT_OBJC_ISA_USAGE = YES_ERROR;
				CLANG_WARN_DOCUMENTATION_COMMENTS = YES;
				CLANG_WARN_EMPTY_BODY = YES;
				CLANG_WARN_ENUM_CONVERSION = YES;
				CLANG_WARN_INFINITE_RECURSION = YES;
				CLANG_WARN_INT_CONVERSION = YES;
				CLANG_WARN_NON_LITERAL_NULL_CONVERSION = YES;
				CLANG_WARN_OBJC_IMPLICIT_RETAIN_SELF = YES;
				CLANG_WARN_OBJC_LITERAL_CONVERSION = YES;
				CLANG_WARN_OBJC_ROOT_CLASS = YES_ERROR;
				CLANG_WARN_QUOTED_INCLUDE_IN_FRAMEWORK_HEADER = YES;
				CLANG_WARN_RANGE_LOOP_ANALYSIS = YES;
				CLANG_WARN_STRICT_PROTOTYPES = YES;
				CLANG_WARN_SUSPICIOUS_MOVE = YES;
				CLANG_WARN_UNGUARDED_AVAILABILITY = YES_AGGRESSIVE;
				CLANG_WARN_UNREACHABLE_CODE = YES;
				CLANG_WARN__DUPLICATE_METHOD_MATCH = YES;
				COPY_PHASE_STRIP = NO;
				DEBUG_INFORMATION_FORMAT = "dwarf-with-dsym";
				ENABLE_NS_ASSERTIONS = NO;
				ENABLE_STRICT_OBJC_MSGSEND = YES;
				GCC_C_LANGUAGE_STANDARD = gnu11;
				GCC_NO_COMMON_BLOCKS = YES;
				GCC_WARN_64_TO_32_BIT_CONVERSION = YES;
				GCC_WARN_ABOUT_RETURN_TYPE = YES_ERROR;
				GCC_WARN_UNDECLARED_SELECTOR = YES;
				GCC_WARN_UNINITIALIZED_AUTOS = YES_AGGRESSIVE;
				GCC_WARN_UNUSED_FUNCTION = YES;
				GCC_WARN_UNUSED_VARIABLE = YES;
				IPHONEOS_DEPLOYMENT_TARGET = 14.5;
				MTL_ENABLE_DEBUG_INFO = NO;
				MTL_FAST_MATH = YES;
				SDKROOT = iphoneos;
				SWIFT_COMPILATION_MODE = wholemodule;
				SWIFT_OPTIMIZATION_LEVEL = "-O";
				VALIDATE_PRODUCT = YES;
			};
			name = Release;
		};
		D496D530264DA25F00655AC3 /* Debug */ = {
			isa = XCBuildConfiguration;
			baseConfigurationReference = E2F3E068B9B1A5DB022A49ED /* Pods-RxExample.debug.xcconfig */;
			buildSettings = {
				ASSETCATALOG_COMPILER_APPICON_NAME = AppIcon;
				ASSETCATALOG_COMPILER_GLOBAL_ACCENT_COLOR_NAME = AccentColor;
				CODE_SIGN_STYLE = Automatic;
				DEVELOPMENT_TEAM = TZVHD77BLL;
				INFOPLIST_FILE = RxExample/Info.plist;
				LD_RUNPATH_SEARCH_PATHS = (
					"$(inherited)",
					"@executable_path/Frameworks",
				);
				PRODUCT_BUNDLE_IDENTIFIER = com.jaeyong.RxExample;
				PRODUCT_NAME = "$(TARGET_NAME)";
				SWIFT_VERSION = 5.0;
				TARGETED_DEVICE_FAMILY = "1,2";
			};
			name = Debug;
		};
		D496D531264DA25F00655AC3 /* Release */ = {
			isa = XCBuildConfiguration;
			baseConfigurationReference = 1620B1EC8475557E5623A24D /* Pods-RxExample.release.xcconfig */;
			buildSettings = {
				ASSETCATALOG_COMPILER_APPICON_NAME = AppIcon;
				ASSETCATALOG_COMPILER_GLOBAL_ACCENT_COLOR_NAME = AccentColor;
				CODE_SIGN_STYLE = Automatic;
				DEVELOPMENT_TEAM = TZVHD77BLL;
				INFOPLIST_FILE = RxExample/Info.plist;
				LD_RUNPATH_SEARCH_PATHS = (
					"$(inherited)",
					"@executable_path/Frameworks",
				);
				PRODUCT_BUNDLE_IDENTIFIER = com.jaeyong.RxExample;
				PRODUCT_NAME = "$(TARGET_NAME)";
				SWIFT_VERSION = 5.0;
				TARGETED_DEVICE_FAMILY = "1,2";
			};
			name = Release;
		};
/* End XCBuildConfiguration section */

/* Begin XCConfigurationList section */
		D496D516264DA25E00655AC3 /* Build configuration list for PBXProject "RxExample" */ = {
			isa = XCConfigurationList;
			buildConfigurations = (
				D496D52D264DA25F00655AC3 /* Debug */,
				D496D52E264DA25F00655AC3 /* Release */,
			);
			defaultConfigurationIsVisible = 0;
			defaultConfigurationName = Release;
		};
		D496D52F264DA25F00655AC3 /* Build configuration list for PBXNativeTarget "RxExample" */ = {
			isa = XCConfigurationList;
			buildConfigurations = (
				D496D530264DA25F00655AC3 /* Debug */,
				D496D531264DA25F00655AC3 /* Release */,
			);
			defaultConfigurationIsVisible = 0;
			defaultConfigurationName = Release;
		};
/* End XCConfigurationList section */
	};
	rootObject = D496D513264DA25E00655AC3 /* Project object */;
}
